
Microsoft Visual Studio Solution File, Format Version 12.00
# Visual Studio Version 16
VisualStudioVersion = 16.0.31005.135
MinimumVisualStudioVersion = 10.0.40219.1
Project("{FAE04EC0-301F-11D3-BF4B-00C04F79EFBC}") = "ContentPage.Android", "ContentPage\ContentPage.Android\ContentPage.Android.csproj", "{B96A6B1C-4B4C-4331-8DCD-9B1CEC3C053A}"
EndProject
Project("{FAE04EC0-301F-11D3-BF4B-00C04F79EFBC}") = "ContentPage.iOS", "ContentPage\ContentPage.iOS\ContentPage.iOS.csproj", "{1E1F5F41-D1E8-4E8A-9456-A62A30BF5C98}"
EndProject
Project("{FAE04EC0-301F-11D3-BF4B-00C04F79EFBC}") = "ContentPage", "ContentPage\ContentPage\ContentPage.csproj", "{992DBEAA-1CDA-4A92-BB69-10C67622098A}"
EndProject
Global
	GlobalSection(SolutionConfigurationPlatforms) = preSolution
		Debug|Any CPU = Debug|Any CPU
		Debug|iPhone = Debug|iPhone
		Debug|iPhoneSimulator = Debug|iPhoneSimulator
		Release|Any CPU = Release|Any CPU
		Release|iPhone = Release|iPhone
		Release|iPhoneSimulator = Release|iPhoneSimulator
	EndGlobalSection
	GlobalSection(ProjectConfigurationPlatforms) = postSolution
		{B96A6B1C-4B4C-4331-8DCD-9B1CEC3C053A}.Debug|Any CPU.ActiveCfg = Debug|Any CPU
		{B96A6B1C-4B4C-4331-8DCD-9B1CEC3C053A}.Debug|Any CPU.Build.0 = Debug|Any CPU
		{B96A6B1C-4B4C-4331-8DCD-9B1CEC3C053A}.Debug|Any CPU.Deploy.0 = Debug|Any CPU
		{B96A6B1C-4B4C-4331-8DCD-9B1CEC3C053A}.Debug|iPhone.ActiveCfg = Debug|Any CPU
		{B96A6B1C-4B4C-4331-8DCD-9B1CEC3C053A}.Debug|iPhone.Build.0 = Debug|Any CPU
		{B96A6B1C-4B4C-4331-8DCD-9B1CEC3C053A}.Debug|iPhone.Deploy.0 = Debug|Any CPU
		{B96A6B1C-4B4C-4331-8DCD-9B1CEC3C053A}.Debug|iPhoneSimulator.ActiveCfg = Debug|Any CPU
		{B96A6B1C-4B4C-4331-8DCD-9B1CEC3C053A}.Debug|iPhoneSimulator.Build.0 = Debug|Any CPU
		{B96A6B1C-4B4C-4331-8DCD-9B1CEC3C053A}.Debug|iPhoneSimulator.Deploy.0 = Debug|Any CPU
		{B96A6B1C-4B4C-4331-8DCD-9B1CEC3C053A}.Release|Any CPU.ActiveCfg = Release|Any CPU
		{B96A6B1C-4B4C-4331-8DCD-9B1CEC3C053A}.Release|Any CPU.Build.0 = Release|Any CPU
		{B96A6B1C-4B4C-4331-8DCD-9B1CEC3C053A}.Release|Any CPU.Deploy.0 = Release|Any CPU
		{B96A6B1C-4B4C-4331-8DCD-9B1CEC3C053A}.Release|iPhone.ActiveCfg = Release|Any CPU
		{B96A6B1C-4B4C-4331-8DCD-9B1CEC3C053A}.Release|iPhone.Build.0 = Release|Any CPU
		{B96A6B1C-4B4C-4331-8DCD-9B1CEC3C053A}.Release|iPhone.Deploy.0 = Release|Any CPU
		{B96A6B1C-4B4C-4331-8DCD-9B1CEC3C053A}.Release|iPhoneSimulator.ActiveCfg = Release|Any CPU
		{B96A6B1C-4B4C-4331-8DCD-9B1CEC3C053A}.Release|iPhoneSimulator.Build.0 = Release|Any CPU
		{B96A6B1C-4B4C-4331-8DCD-9B1CEC3C053A}.Release|iPhoneSimulator.Deploy.0 = Release|Any CPU
		{1E1F5F41-D1E8-4E8A-9456-A62A30BF5C98}.Debug|Any CPU.ActiveCfg = Debug|iPhone
		{1E1F5F41-D1E8-4E8A-9456-A62A30BF5C98}.Debug|Any CPU.Build.0 = Debug|iPhone
		{1E1F5F41-D1E8-4E8A-9456-A62A30BF5C98}.Debug|Any CPU.Deploy.0 = Debug|iPhone
		{1E1F5F41-D1E8-4E8A-9456-A62A30BF5C98}.Debug|iPhone.ActiveCfg = Debug|iPhone
		{1E1F5F41-D1E8-4E8A-9456-A62A30BF5C98}.Debug|iPhone.Build.0 = Debug|iPhone
		{1E1F5F41-D1E8-4E8A-9456-A62A30BF5C98}.Debug|iPhone.Deploy.0 = Debug|iPhone
		{1E1F5F41-D1E8-4E8A-9456-A62A30BF5C98}.Debug|iPhoneSimulator.ActiveCfg = Debug|iPhoneSimulator
		{1E1F5F41-D1E8-4E8A-9456-A62A30BF5C98}.Debug|iPhoneSimulator.Build.0 = Debug|iPhoneSimulator
		{1E1F5F41-D1E8-4E8A-9456-A62A30BF5C98}.Debug|iPhoneSimulator.Deploy.0 = Debug|iPhoneSimulator
		{1E1F5F41-D1E8-4E8A-9456-A62A30BF5C98}.Release|Any CPU.ActiveCfg = Release|iPhoneSimulator
		{1E1F5F41-D1E8-4E8A-9456-A62A30BF5C98}.Release|Any CPU.Build.0 = Release|iPhoneSimulator
		{1E1F5F41-D1E8-4E8A-9456-A62A30BF5C98}.Release|Any CPU.Deploy.0 = Release|iPhoneSimulator
		{1E1F5F41-D1E8-4E8A-9456-A62A30BF5C98}.Release|iPhone.ActiveCfg = Release|iPhone
		{1E1F5F41-D1E8-4E8A-9456-A62A30BF5C98}.Release|iPhone.Build.0 = Release|iPhone
		{1E1F5F41-D1E8-4E8A-9456-A62A30BF5C98}.Release|iPhone.Deploy.0 = Release|iPhone
		{1E1F5F41-D1E8-4E8A-9456-A62A30BF5C98}.Release|iPhoneSimulator.ActiveCfg = Release|iPhoneSimulator
		{1E1F5F41-D1E8-4E8A-9456-A62A30BF5C98}.Release|iPhoneSimulator.Build.0 = Release|iPhoneSimulator
		{1E1F5F41-D1E8-4E8A-9456-A62A30BF5C98}.Release|iPhoneSimulator.Deploy.0 = Release|iPhoneSimulator
		{992DBEAA-1CDA-4A92-BB69-10C67622098A}.Debug|Any CPU.ActiveCfg = Debug|Any CPU
		{992DBEAA-1CDA-4A92-BB69-10C67622098A}.Debug|Any CPU.Build.0 = Debug|Any CPU
		{992DBEAA-1CDA-4A92-BB69-10C67622098A}.Debug|Any CPU.Deploy.0 = Debug|Any CPU
		{992DBEAA-1CDA-4A92-BB69-10C67622098A}.Debug|iPhone.ActiveCfg = Debug|Any CPU
		{992DBEAA-1CDA-4A92-BB69-10C67622098A}.Debug|iPhone.Build.0 = Debug|Any CPU
		{992DBEAA-1CDA-4A92-BB69-10C67622098A}.Debug|iPhone.Deploy.0 = Debug|Any CPU
		{992DBEAA-1CDA-4A92-BB69-10C67622098A}.Debug|iPhoneSimulator.ActiveCfg = Debug|Any CPU
		{992DBEAA-1CDA-4A92-BB69-10C67622098A}.Debug|iPhoneSimulator.Build.0 = Debug|Any CPU
		{992DBEAA-1CDA-4A92-BB69-10C67622098A}.Debug|iPhoneSimulator.Deploy.0 = Debug|Any CPU
		{992DBEAA-1CDA-4A92-BB69-10C67622098A}.Release|Any CPU.ActiveCfg = Release|Any CPU
		{992DBEAA-1CDA-4A92-BB69-10C67622098A}.Release|Any CPU.Build.0 = Release|Any CPU
		{992DBEAA-1CDA-4A92-BB69-10C67622098A}.Release|Any CPU.Deploy.0 = Release|Any CPU
		{992DBEAA-1CDA-4A92-BB69-10C67622098A}.Release|iPhone.ActiveCfg = Release|Any CPU
		{992DBEAA-1CDA-4A92-BB69-10C67622098A}.Release|iPhone.Build.0 = Release|Any CPU
		{992DBEAA-1CDA-4A92-BB69-10C67622098A}.Release|iPhone.Deploy.0 = Release|Any CPU
		{992DBEAA-1CDA-4A92-BB69-10C67622098A}.Release|iPhoneSimulator.ActiveCfg = Release|Any CPU
		{992DBEAA-1CDA-4A92-BB69-10C67622098A}.Release|iPhoneSimulator.Build.0 = Release|Any CPU
		{992DBEAA-1CDA-4A92-BB69-10C67622098A}.Release|iPhoneSimulator.Deploy.0 = Release|Any CPU
	EndGlobalSection
	GlobalSection(SolutionProperties) = preSolution
		HideSolutionNode = FALSE
	EndGlobalSection
	GlobalSection(ExtensibilityGlobals) = postSolution
		SolutionGuid = {6DFDF91F-A244-40EC-B631-55154109151E}
	EndGlobalSection
EndGlobal
